
Microsoft Visual Studio Solution File, Format Version 12.00
# Visual Studio Version 17
VisualStudioVersion = 17.9.34728.123
MinimumVisualStudioVersion = 10.0.40219.1
Project("{FAE04EC0-301F-11D3-BF4B-00C04F79EFBC}") = "LZTools", "LZTools\LZTools.csproj", "{1926792F-F3B5-4911-8074-B850D6BFE45E}"
EndProject
Project("{FAE04EC0-301F-11D3-BF4B-00C04F79EFBC}") = "update", "update\update.csproj", "{30DF892A-1C08-432E-93D1-6C5BAF13B04E}"
EndProject
Global
	GlobalSection(SolutionConfigurationPlatforms) = preSolution
		Debug|Any CPU = Debug|Any CPU
		Release|Any CPU = Release|Any CPU
	EndGlobalSection
	GlobalSection(ProjectConfigurationPlatforms) = postSolution
		{1926792F-F3B5-4911-8074-B850D6BFE45E}.Debug|Any CPU.ActiveCfg = Debug|Any CPU
		{1926792F-F3B5-4911-8074-B850D6BFE45E}.Debug|Any CPU.Build.0 = Debug|Any CPU
		{1926792F-F3B5-4911-8074-B850D6BFE45E}.Release|Any CPU.ActiveCfg = Release|Any CPU
		{1926792F-F3B5-4911-8074-B850D6BFE45E}.Release|Any CPU.Build.0 = Release|Any CPU
		{30DF892A-1C08-432E-93D1-6C5BAF13B04E}.Debug|Any CPU.ActiveCfg = Debug|Any CPU
		{30DF892A-1C08-432E-93D1-6C5BAF13B04E}.Debug|Any CPU.Build.0 = Debug|Any CPU
		{30DF892A-1C08-432E-93D1-6C5BAF13B04E}.Release|Any CPU.ActiveCfg = Release|Any CPU
		{30DF892A-1C08-432E-93D1-6C5BAF13B04E}.Release|Any CPU.Build.0 = Release|Any CPU
	EndGlobalSection
	GlobalSection(SolutionProperties) = preSolution
		HideSolutionNode = FALSE
	EndGlobalSection
	GlobalSection(ExtensibilityGlobals) = postSolution
		SolutionGuid = {BEF8E25C-C7F5-41C5-AD27-7A4F960FC4CC}
	EndGlobalSection
EndGlobal
